
Microsoft Visual Studio Solution File, Format Version 12.00
Project("{2150E333-8FDC-42A3-9474-1A3956D46DE8}") = "Solution Items", "Solution Items", "{C3242A32-DE1C-455F-9AE5-F2E142BD4920}"
	ProjectSection(SolutionItems) = preProject
		compose.yaml = compose.yaml
		readme.md = readme.md
	EndProjectSection
EndProject
Project("{FAE04EC0-301F-11D3-BF4B-00C04F79EFBC}") = "Teams.Domain", "src/Teams.Domain\Teams.Domain.csproj", "{3CD68185-6A8B-4842-AAC8-52F4C967CAB7}"
EndProject
Project("{FAE04EC0-301F-11D3-BF4B-00C04F79EFBC}") = "Teams.Infrastructure", "src/Teams.Infrastructure\Teams.Infrastructure.csproj", "{11C01878-5339-41A4-AFDB-D941AA652A6C}"
EndProject
Project("{FAE04EC0-301F-11D3-BF4B-00C04F79EFBC}") = "Teams.API", "src\Teams.API\Teams.API.csproj", "{1199F7E2-5478-4B57-92BC-94168652735A}"
EndProject
Project("{2150E333-8FDC-42A3-9474-1A3956D46DE8}") = "Teams", "Teams", "{EC7D5740-07A3-4687-A7E1-11EECEFC1CE2}"
EndProject
Project("{FAE04EC0-301F-11D3-BF4B-00C04F79EFBC}") = "Identity.API", "src\Identity.API\Identity.API.csproj", "{00757FDF-365C-4F38-B8CF-05E8FF6EA222}"
EndProject
Project("{FAE04EC0-301F-11D3-BF4B-00C04F79EFBC}") = "Teams.UnitTests", "tests\Teams.UnitTests\Teams.UnitTests.csproj", "{4A39F96E-ABC1-462E-B757-C80709986124}"
EndProject
Global
	GlobalSection(SolutionConfigurationPlatforms) = preSolution
		Debug|Any CPU = Debug|Any CPU
		Release|Any CPU = Release|Any CPU
	EndGlobalSection
	GlobalSection(ProjectConfigurationPlatforms) = postSolution
		{3CD68185-6A8B-4842-AAC8-52F4C967CAB7}.Debug|Any CPU.ActiveCfg = Debug|Any CPU
		{3CD68185-6A8B-4842-AAC8-52F4C967CAB7}.Debug|Any CPU.Build.0 = Debug|Any CPU
		{3CD68185-6A8B-4842-AAC8-52F4C967CAB7}.Release|Any CPU.ActiveCfg = Release|Any CPU
		{3CD68185-6A8B-4842-AAC8-52F4C967CAB7}.Release|Any CPU.Build.0 = Release|Any CPU
		{11C01878-5339-41A4-AFDB-D941AA652A6C}.Debug|Any CPU.ActiveCfg = Debug|Any CPU
		{11C01878-5339-41A4-AFDB-D941AA652A6C}.Debug|Any CPU.Build.0 = Debug|Any CPU
		{11C01878-5339-41A4-AFDB-D941AA652A6C}.Release|Any CPU.ActiveCfg = Release|Any CPU
		{11C01878-5339-41A4-AFDB-D941AA652A6C}.Release|Any CPU.Build.0 = Release|Any CPU
		{1199F7E2-5478-4B57-92BC-94168652735A}.Debug|Any CPU.ActiveCfg = Debug|Any CPU
		{1199F7E2-5478-4B57-92BC-94168652735A}.Debug|Any CPU.Build.0 = Debug|Any CPU
		{1199F7E2-5478-4B57-92BC-94168652735A}.Release|Any CPU.ActiveCfg = Release|Any CPU
		{1199F7E2-5478-4B57-92BC-94168652735A}.Release|Any CPU.Build.0 = Release|Any CPU
		{00757FDF-365C-4F38-B8CF-05E8FF6EA222}.Debug|Any CPU.ActiveCfg = Debug|Any CPU
		{00757FDF-365C-4F38-B8CF-05E8FF6EA222}.Debug|Any CPU.Build.0 = Debug|Any CPU
		{00757FDF-365C-4F38-B8CF-05E8FF6EA222}.Release|Any CPU.ActiveCfg = Release|Any CPU
		{00757FDF-365C-4F38-B8CF-05E8FF6EA222}.Release|Any CPU.Build.0 = Release|Any CPU
		{4A39F96E-ABC1-462E-B757-C80709986124}.Debug|Any CPU.ActiveCfg = Debug|Any CPU
		{4A39F96E-ABC1-462E-B757-C80709986124}.Debug|Any CPU.Build.0 = Debug|Any CPU
		{4A39F96E-ABC1-462E-B757-C80709986124}.Release|Any CPU.ActiveCfg = Release|Any CPU
		{4A39F96E-ABC1-462E-B757-C80709986124}.Release|Any CPU.Build.0 = Release|Any CPU
	EndGlobalSection
	GlobalSection(NestedProjects) = preSolution
		{1199F7E2-5478-4B57-92BC-94168652735A} = {EC7D5740-07A3-4687-A7E1-11EECEFC1CE2}
		{3CD68185-6A8B-4842-AAC8-52F4C967CAB7} = {EC7D5740-07A3-4687-A7E1-11EECEFC1CE2}
		{11C01878-5339-41A4-AFDB-D941AA652A6C} = {EC7D5740-07A3-4687-A7E1-11EECEFC1CE2}
	EndGlobalSection
EndGlobal
